
Microsoft Visual Studio Solution File, Format Version 12.00
# Visual Studio Version 16
VisualStudioVersion = 16.0.28902.138
MinimumVisualStudioVersion = 10.0.40219.1
Project("{9A19103F-16F7-4668-BE54-9A1E7A4F7556}") = "SmartHome", "WebApplication14\SmartHome.csproj", "{54387BB2-7F2A-4786-8F42-28152159E4A7}"
EndProject
Global
	GlobalSection(SolutionConfigurationPlatforms) = preSolution
		Debug|Any CPU = Debug|Any CPU
		Release|Any CPU = Release|Any CPU
	EndGlobalSection
	GlobalSection(ProjectConfigurationPlatforms) = postSolution
		{54387BB2-7F2A-4786-8F42-28152159E4A7}.Debug|Any CPU.ActiveCfg = Debug|Any CPU
		{54387BB2-7F2A-4786-8F42-28152159E4A7}.Debug|Any CPU.Build.0 = Debug|Any CPU
		{54387BB2-7F2A-4786-8F42-28152159E4A7}.Release|Any CPU.ActiveCfg = Release|Any CPU
		{54387BB2-7F2A-4786-8F42-28152159E4A7}.Release|Any CPU.Build.0 = Release|Any CPU
	EndGlobalSection
	GlobalSection(SolutionProperties) = preSolution
		HideSolutionNode = FALSE
	EndGlobalSection
	GlobalSection(ExtensibilityGlobals) = postSolution
		SolutionGuid = {129C6172-4C74-483D-A32A-C7559B9D9179}
	EndGlobalSection
EndGlobal
